{
  "lockfileVersion": 1,
  "workspaces": {
    "": {
      "name": "actor-ts-comparison-benchmarks",
      "devDependencies": {
        "nact": "7.6.2",
        "xstate": "5.32.5",
      },
    },
  },
  "packages": {
    "denque": ["denque@1.5.1", "", {}, "sha512-XwE+iZ4D6ZUB7mfYRMb5wByE8L74HCn30FBN7sWnXksWc1LO1bPDl67pBR9o/kC4z/xSNAwkMYcGgqDV3BE3Hw=="],

    "nact": ["nact@7.6.2", "", { "dependencies": { "denque": "^1.2.3" } }, "sha512-rEAwMbuv/rIaa+DLoPfZE/5CjnlVabS9bwSY/UpFSp0OfcOS5hRpe9F3KmS1U26G0TgrkFb+66BbVhsnEF0rwA=="],

    "xstate": ["xstate@5.32.5", "", {}, "sha512-ULazi1oe6wGrXl0Frb6otSlkm5HLifbbVTkMk5kkSKqz4TkxJaVpnl6jOJwKeid3ORPxYyZQgNLUSYX9q65SIA=="],
  }
}
